
Microsoft Visual Studio Solution File, Format Version 12.00
# Visual Studio Version 17
VisualStudioVersion = 17.7.34003.232
MinimumVisualStudioVersion = 10.0.40219.1
Project("{FAE04EC0-301F-11D3-BF4B-00C04F79EFBC}") = "App_Data", "AppData\App_Data.csproj", "{C49A668D-B77C-4EB9-9DF7-44FEEDF40DFF}"
EndProject
Project("{FAE04EC0-301F-11D3-BF4B-00C04F79EFBC}") = "App_View", "App_View\App_View.csproj", "{23EB8648-D57E-431B-99A4-EDC178BA1079}"
EndProject
Project("{FAE04EC0-301F-11D3-BF4B-00C04F79EFBC}") = "App_Api", "App_Api\App_Api.csproj", "{932E5A51-279A-42B4-AB9B-E4233EB12561}"
EndProject
Global
	GlobalSection(SolutionConfigurationPlatforms) = preSolution
		Debug|Any CPU = Debug|Any CPU
		Release|Any CPU = Release|Any CPU
	EndGlobalSection
	GlobalSection(ProjectConfigurationPlatforms) = postSolution
		{C49A668D-B77C-4EB9-9DF7-44FEEDF40DFF}.Debug|Any CPU.ActiveCfg = Debug|Any CPU
		{C49A668D-B77C-4EB9-9DF7-44FEEDF40DFF}.Debug|Any CPU.Build.0 = Debug|Any CPU
		{C49A668D-B77C-4EB9-9DF7-44FEEDF40DFF}.Release|Any CPU.ActiveCfg = Release|Any CPU
		{C49A668D-B77C-4EB9-9DF7-44FEEDF40DFF}.Release|Any CPU.Build.0 = Release|Any CPU
		{23EB8648-D57E-431B-99A4-EDC178BA1079}.Debug|Any CPU.ActiveCfg = Debug|Any CPU
		{23EB8648-D57E-431B-99A4-EDC178BA1079}.Debug|Any CPU.Build.0 = Debug|Any CPU
		{23EB8648-D57E-431B-99A4-EDC178BA1079}.Release|Any CPU.ActiveCfg = Release|Any CPU
		{23EB8648-D57E-431B-99A4-EDC178BA1079}.Release|Any CPU.Build.0 = Release|Any CPU
		{932E5A51-279A-42B4-AB9B-E4233EB12561}.Debug|Any CPU.ActiveCfg = Debug|Any CPU
		{932E5A51-279A-42B4-AB9B-E4233EB12561}.Debug|Any CPU.Build.0 = Debug|Any CPU
		{932E5A51-279A-42B4-AB9B-E4233EB12561}.Release|Any CPU.ActiveCfg = Release|Any CPU
		{932E5A51-279A-42B4-AB9B-E4233EB12561}.Release|Any CPU.Build.0 = Release|Any CPU
	EndGlobalSection
	GlobalSection(SolutionProperties) = preSolution
		HideSolutionNode = FALSE
	EndGlobalSection
	GlobalSection(ExtensibilityGlobals) = postSolution
		SolutionGuid = {59D7BB75-0007-40F0-A4C6-BD65FFDEFB95}
	EndGlobalSection
EndGlobal
