
Microsoft Visual Studio Solution File, Format Version 12.00
# Visual Studio Version 17
VisualStudioVersion = 17.7.34003.232
MinimumVisualStudioVersion = 10.0.40219.1
Project("{9A19103F-16F7-4668-BE54-9A1E7A4F7556}") = "App_Data", "AppData\App_Data.csproj", "{C49A668D-B77C-4EB9-9DF7-44FEEDF40DFF}"
EndProject
Project("{9A19103F-16F7-4668-BE54-9A1E7A4F7556}") = "App_Api", "App_Api\App_Api.csproj", "{932E5A51-279A-42B4-AB9B-E4233EB12561}"
EndProject
Project("{9A19103F-16F7-4668-BE54-9A1E7A4F7556}") = "App_View", "App_View\App_View.csproj", "{B88D5EDA-2007-4003-A2D3-F17CDFFF7663}"
EndProject
Project("{2150E333-8FDC-42A3-9474-1A3956D46DE8}") = "Solution Items", "Solution Items", "{58D47E36-F51B-4F0A-8FA6-ED5920959F96}"
	ProjectSection(SolutionItems) = preProject
		..\..\..\Downloads\ludus-free-premium-ecommerce-template-master\LICENSE = ..\..\..\Downloads\ludus-free-premium-ecommerce-template-master\LICENSE
		..\..\..\Downloads\ludus-free-premium-ecommerce-template-master\README.md = ..\..\..\Downloads\ludus-free-premium-ecommerce-template-master\README.md
	EndProjectSection
EndProject
Global
	GlobalSection(SolutionConfigurationPlatforms) = preSolution
		Debug|Any CPU = Debug|Any CPU
		Release|Any CPU = Release|Any CPU
	EndGlobalSection
	GlobalSection(ProjectConfigurationPlatforms) = postSolution
		{C49A668D-B77C-4EB9-9DF7-44FEEDF40DFF}.Debug|Any CPU.ActiveCfg = Debug|Any CPU
		{C49A668D-B77C-4EB9-9DF7-44FEEDF40DFF}.Debug|Any CPU.Build.0 = Debug|Any CPU
		{C49A668D-B77C-4EB9-9DF7-44FEEDF40DFF}.Release|Any CPU.ActiveCfg = Release|Any CPU
		{C49A668D-B77C-4EB9-9DF7-44FEEDF40DFF}.Release|Any CPU.Build.0 = Release|Any CPU
		{932E5A51-279A-42B4-AB9B-E4233EB12561}.Debug|Any CPU.ActiveCfg = Debug|Any CPU
		{932E5A51-279A-42B4-AB9B-E4233EB12561}.Debug|Any CPU.Build.0 = Debug|Any CPU
		{932E5A51-279A-42B4-AB9B-E4233EB12561}.Release|Any CPU.ActiveCfg = Release|Any CPU
		{932E5A51-279A-42B4-AB9B-E4233EB12561}.Release|Any CPU.Build.0 = Release|Any CPU
		{B88D5EDA-2007-4003-A2D3-F17CDFFF7663}.Debug|Any CPU.ActiveCfg = Debug|Any CPU
		{B88D5EDA-2007-4003-A2D3-F17CDFFF7663}.Debug|Any CPU.Build.0 = Debug|Any CPU
		{B88D5EDA-2007-4003-A2D3-F17CDFFF7663}.Release|Any CPU.ActiveCfg = Release|Any CPU
		{B88D5EDA-2007-4003-A2D3-F17CDFFF7663}.Release|Any CPU.Build.0 = Release|Any CPU
	EndGlobalSection
	GlobalSection(SolutionProperties) = preSolution
		HideSolutionNode = FALSE
	EndGlobalSection
	GlobalSection(ExtensibilityGlobals) = postSolution
		SolutionGuid = {59D7BB75-0007-40F0-A4C6-BD65FFDEFB95}
	EndGlobalSection
EndGlobal
